..!interpreter english translate noabbrev
..*****************************************************************************
.. Name           : INVENTORYSHEET.LOCK
.. Author         : cl
.. Verantwortlich : tiwe
.. Kontrolle      : cl
.. Functionality  :
..*****************************************************************************
.set trans -
..
.continue END     ? P|vorschau
.select object 'M|zaehllistenr^id' ? M|sort = 1
.select  modificationlock waitshort stocktaking 'M|zaehllistenr^id'  ? M|sort <>1
.continue ERROR   ? _G|mehr
.continue NOSPERR ? _G|gesperrt
.continue BREAK   ?  H|gedruckt 
.select -
.continue END
..
!ERROR: Inventory sheet missing
.error Keine Z„hlliste vorhanden!
.end 1
..
!NOSPERR: Lock failed
.error Vorgang konnte nicht gesperrt werden!
.end 1
..
!BREAK: Meanwhile document has changed print flag
.continue END
..
..*****************************************************************************
!END
.continue
